// !$*UTF8*$!
{
	archiveVersion = 1;
	classes = {
	};
	objectVersion = 56;
	objects = {

/* Begin PBXBuildFile section */
		56D6EB8C2D08EA4600CEB750 /* AppDelegate.swift in Sources */ = {isa = PBXBuildFile; fileRef = 56D6EB8B2D08EA4600CEB750 /* AppDelegate.swift */; };
		56D6EB8E2D08EA4600CEB750 /* SceneDelegate.swift in Sources */ = {isa = PBXBuildFile; fileRef = 56D6EB8D2D08EA4600CEB750 /* SceneDelegate.swift */; };
		56D6EB952D08EA4900CEB750 /* Assets.xcassets in Resources */ = {isa = PBXBuildFile; fileRef = 56D6EB942D08EA4900CEB750 /* Assets.xcassets */; };
		56D6EBA52D09222B00CEB750 /* Colors.swift in Sources */ = {isa = PBXBuildFile; fileRef = 56D6EBA42D09222B00CEB750 /* Colors.swift */; };
		56D6EBA82D0922C200CEB750 /* NearbyFlowController.swift in Sources */ = {isa = PBXBuildFile; fileRef = 56D6EBA72D0922C200CEB750 /* NearbyFlowController.swift */; };
		56D6EBAC2D0930B400CEB750 /* SplashViewController.swift in Sources */ = {isa = PBXBuildFile; fileRef = 56D6EBAB2D0930B400CEB750 /* SplashViewController.swift */; };
		56D6EBAE2D09310900CEB750 /* SplashView.swift in Sources */ = {isa = PBXBuildFile; fileRef = 56D6EBAD2D09310900CEB750 /* SplashView.swift */; };
		56D6EBB32D0949E400CEB750 /* Assets.xcassets in Resources */ = {isa = PBXBuildFile; fileRef = 56D6EBB22D0949E400CEB750 /* Assets.xcassets */; };
		56D6EBB62D094DA600CEB750 /* TipsView.swift in Sources */ = {isa = PBXBuildFile; fileRef = 56D6EBB52D094DA600CEB750 /* TipsView.swift */; };
		56D6EBB92D09570D00CEB750 /* WelcomeView.swift in Sources */ = {isa = PBXBuildFile; fileRef = 56D6EBB82D09570D00CEB750 /* WelcomeView.swift */; };
		56D6EBBB2D095C3200CEB750 /* WelcomeViewController.swift in Sources */ = {isa = PBXBuildFile; fileRef = 56D6EBBA2D095C3200CEB750 /* WelcomeViewController.swift */; };
		56D6EBBE2D0A125A00CEB750 /* UiViewController+ext.swift in Sources */ = {isa = PBXBuildFile; fileRef = 56D6EBBD2D0A125A00CEB750 /* UiViewController+ext.swift */; };
		56D6EBC02D0A16CE00CEB750 /* SplashFlowDelegate.swift in Sources */ = {isa = PBXBuildFile; fileRef = 56D6EBBF2D0A16CE00CEB750 /* SplashFlowDelegate.swift */; };
		56D6EBC22D0A248500CEB750 /* Typography.swift in Sources */ = {isa = PBXBuildFile; fileRef = 56D6EBC12D0A248400CEB750 /* Typography.swift */; };
		56D6EBC52D0A3B1D00CEB750 /* HomeView.swift in Sources */ = {isa = PBXBuildFile; fileRef = 56D6EBC42D0A3B1D00CEB750 /* HomeView.swift */; };
		56D6EBC72D0A3B2F00CEB750 /* HomeViewController.swift in Sources */ = {isa = PBXBuildFile; fileRef = 56D6EBC62D0A3B2F00CEB750 /* HomeViewController.swift */; };
		56D6EBCA2D0A3B8B00CEB750 /* PlaceTableViewCell.swift in Sources */ = {isa = PBXBuildFile; fileRef = 56D6EBC92D0A3B8B00CEB750 /* PlaceTableViewCell.swift */; };
		56D6EBCD2D0E080800CEB750 /* PlaceModel.swift in Sources */ = {isa = PBXBuildFile; fileRef = 56D6EBCC2D0E080800CEB750 /* PlaceModel.swift */; };
		56D6EBCF2D0E24A000CEB750 /* Category.swift in Sources */ = {isa = PBXBuildFile; fileRef = 56D6EBCE2D0E24A000CEB750 /* Category.swift */; };
		56D6EBD22D0E24D000CEB750 /* HomeViewModel.swift in Sources */ = {isa = PBXBuildFile; fileRef = 56D6EBD12D0E24D000CEB750 /* HomeViewModel.swift */; };
		56D6EBD42D0F683E00CEB750 /* PlaceAnnotation.swift in Sources */ = {isa = PBXBuildFile; fileRef = 56D6EBD32D0F683E00CEB750 /* PlaceAnnotation.swift */; };
		56D6EBD72D279E2100CEB750 /* DetailsViewController.swift in Sources */ = {isa = PBXBuildFile; fileRef = 56D6EBD62D279E2100CEB750 /* DetailsViewController.swift */; };
		56D6EBD92D286EF200CEB750 /* WelcomeFlowDelegate.swift in Sources */ = {isa = PBXBuildFile; fileRef = 56D6EBD82D286EF200CEB750 /* WelcomeFlowDelegate.swift */; };
/* End PBXBuildFile section */

/* Begin PBXFileReference section */
		56D6EB882D08EA4600CEB750 /* Nearby.app */ = {isa = PBXFileReference; explicitFileType = wrapper.application; includeInIndex = 0; path = Nearby.app; sourceTree = BUILT_PRODUCTS_DIR; };
		56D6EB8B2D08EA4600CEB750 /* AppDelegate.swift */ = {isa = PBXFileReference; lastKnownFileType = sourcecode.swift; path = AppDelegate.swift; sourceTree = "<group>"; };
		56D6EB8D2D08EA4600CEB750 /* SceneDelegate.swift */ = {isa = PBXFileReference; lastKnownFileType = sourcecode.swift; path = SceneDelegate.swift; sourceTree = "<group>"; };
		56D6EB942D08EA4900CEB750 /* Assets.xcassets */ = {isa = PBXFileReference; lastKnownFileType = folder.assetcatalog; path = Assets.xcassets; sourceTree = "<group>"; };
		56D6EB992D08EA4900CEB750 /* Info.plist */ = {isa = PBXFileReference; lastKnownFileType = text.plist.xml; path = Info.plist; sourceTree = "<group>"; };
		56D6EBA42D09222B00CEB750 /* Colors.swift */ = {isa = PBXFileReference; lastKnownFileType = sourcecode.swift; path = Colors.swift; sourceTree = "<group>"; };
		56D6EBA72D0922C200CEB750 /* NearbyFlowController.swift */ = {isa = PBXFileReference; lastKnownFileType = sourcecode.swift; path = NearbyFlowController.swift; sourceTree = "<group>"; };
		56D6EBAB2D0930B400CEB750 /* SplashViewController.swift */ = {isa = PBXFileReference; lastKnownFileType = sourcecode.swift; path = SplashViewController.swift; sourceTree = "<group>"; };
		56D6EBAD2D09310900CEB750 /* SplashView.swift */ = {isa = PBXFileReference; lastKnownFileType = sourcecode.swift; path = SplashView.swift; sourceTree = "<group>"; };
		56D6EBB22D0949E400CEB750 /* Assets.xcassets */ = {isa = PBXFileReference; lastKnownFileType = folder.assetcatalog; path = Assets.xcassets; sourceTree = "<group>"; };
		56D6EBB52D094DA600CEB750 /* TipsView.swift */ = {isa = PBXFileReference; lastKnownFileType = sourcecode.swift; path = TipsView.swift; sourceTree = "<group>"; };
		56D6EBB82D09570D00CEB750 /* WelcomeView.swift */ = {isa = PBXFileReference; lastKnownFileType = sourcecode.swift; path = WelcomeView.swift; sourceTree = "<group>"; };
		56D6EBBA2D095C3200CEB750 /* WelcomeViewController.swift */ = {isa = PBXFileReference; lastKnownFileType = sourcecode.swift; path = WelcomeViewController.swift; sourceTree = "<group>"; };
		56D6EBBD2D0A125A00CEB750 /* UiViewController+ext.swift */ = {isa = PBXFileReference; lastKnownFileType = sourcecode.swift; path = "UiViewController+ext.swift"; sourceTree = "<group>"; };
		56D6EBBF2D0A16CE00CEB750 /* SplashFlowDelegate.swift */ = {isa = PBXFileReference; lastKnownFileType = sourcecode.swift; path = SplashFlowDelegate.swift; sourceTree = "<group>"; };
		56D6EBC12D0A248400CEB750 /* Typography.swift */ = {isa = PBXFileReference; lastKnownFileType = sourcecode.swift; path = Typography.swift; sourceTree = "<group>"; };
		56D6EBC42D0A3B1D00CEB750 /* HomeView.swift */ = {isa = PBXFileReference; lastKnownFileType = sourcecode.swift; path = HomeView.swift; sourceTree = "<group>"; };
		56D6EBC62D0A3B2F00CEB750 /* HomeViewController.swift */ = {isa = PBXFileReference; lastKnownFileType = sourcecode.swift; path = HomeViewController.swift; sourceTree = "<group>"; };
		56D6EBC92D0A3B8B00CEB750 /* PlaceTableViewCell.swift */ = {isa = PBXFileReference; lastKnownFileType = sourcecode.swift; path = PlaceTableViewCell.swift; sourceTree = "<group>"; };
		56D6EBCC2D0E080800CEB750 /* PlaceModel.swift */ = {isa = PBXFileReference; lastKnownFileType = sourcecode.swift; path = PlaceModel.swift; sourceTree = "<group>"; };
		56D6EBCE2D0E24A000CEB750 /* Category.swift */ = {isa = PBXFileReference; lastKnownFileType = sourcecode.swift; path = Category.swift; sourceTree = "<group>"; };
		56D6EBD12D0E24D000CEB750 /* HomeViewModel.swift */ = {isa = PBXFileReference; lastKnownFileType = sourcecode.swift; path = HomeViewModel.swift; sourceTree = "<group>"; };
		56D6EBD32D0F683E00CEB750 /* PlaceAnnotation.swift */ = {isa = PBXFileReference; lastKnownFileType = sourcecode.swift; path = PlaceAnnotation.swift; sourceTree = "<group>"; };
		56D6EBD62D279E2100CEB750 /* DetailsViewController.swift */ = {isa = PBXFileReference; lastKnownFileType = sourcecode.swift; path = DetailsViewController.swift; sourceTree = "<group>"; };
		56D6EBD82D286EF200CEB750 /* WelcomeFlowDelegate.swift */ = {isa = PBXFileReference; lastKnownFileType = sourcecode.swift; path = WelcomeFlowDelegate.swift; sourceTree = "<group>"; };
/* End PBXFileReference section */

/* Begin PBXFrameworksBuildPhase section */
		56D6EB852D08EA4600CEB750 /* Frameworks */ = {
			isa = PBXFrameworksBuildPhase;
			buildActionMask = 2147483647;
			files = (
			);
			runOnlyForDeploymentPostprocessing = 0;
		};
/* End PBXFrameworksBuildPhase section */

/* Begin PBXGroup section */
		56D6EB7F2D08EA4600CEB750 = {
			isa = PBXGroup;
			children = (
				56D6EB8A2D08EA4600CEB750 /* Nearby */,
				56D6EB892D08EA4600CEB750 /* Products */,
			);
			sourceTree = "<group>";
		};
		56D6EB892D08EA4600CEB750 /* Products */ = {
			isa = PBXGroup;
			children = (
				56D6EB882D08EA4600CEB750 /* Nearby.app */,
			);
			name = Products;
			sourceTree = "<group>";
		};
		56D6EB8A2D08EA4600CEB750 /* Nearby */ = {
			isa = PBXGroup;
			children = (
				56D6EBAF2D093FC600CEB750 /* Resources */,
				56D6EB9F2D08EE5600CEB750 /* Sources */,
				56D6EB8B2D08EA4600CEB750 /* AppDelegate.swift */,
				56D6EB8D2D08EA4600CEB750 /* SceneDelegate.swift */,
				56D6EB942D08EA4900CEB750 /* Assets.xcassets */,
				56D6EB992D08EA4900CEB750 /* Info.plist */,
			);
			path = Nearby;
			sourceTree = "<group>";
		};
		56D6EB9F2D08EE5600CEB750 /* Sources */ = {
			isa = PBXGroup;
			children = (
				56D6EBA22D0921C900CEB750 /* Constants */,
				56D6EBA32D0921D400CEB750 /* Features */,
			);
			path = Sources;
			sourceTree = "<group>";
		};
		56D6EBA22D0921C900CEB750 /* Constants */ = {
			isa = PBXGroup;
			children = (
				56D6EBA42D09222B00CEB750 /* Colors.swift */,
				56D6EBC12D0A248400CEB750 /* Typography.swift */,
			);
			path = Constants;
			sourceTree = "<group>";
		};
		56D6EBA32D0921D400CEB750 /* Features */ = {
			isa = PBXGroup;
			children = (
				56D6EBCB2D0E07F900CEB750 /* Models */,
				56D6EBBC2D0A123C00CEB750 /* Extensions */,
				56D6EBB42D094D9100CEB750 /* Components */,
				56D6EBA92D09309000CEB750 /* Scenes */,
				56D6EBA62D0922AE00CEB750 /* Coordinator */,
			);
			path = Features;
			sourceTree = "<group>";
		};
		56D6EBA62D0922AE00CEB750 /* Coordinator */ = {
			isa = PBXGroup;
			children = (
				56D6EBA72D0922C200CEB750 /* NearbyFlowController.swift */,
			);
			path = Coordinator;
			sourceTree = "<group>";
		};
		56D6EBA92D09309000CEB750 /* Scenes */ = {
			isa = PBXGroup;
			children = (
				56D6EBD52D279E0D00CEB750 /* Detail */,
				56D6EBC32D0A3AF700CEB750 /* HomeView */,
				56D6EBB72D0956F300CEB750 /* WelcomeView */,
				56D6EBAA2D09309D00CEB750 /* Splash */,
			);
			path = Scenes;
			sourceTree = "<group>";
		};
		56D6EBAA2D09309D00CEB750 /* Splash */ = {
			isa = PBXGroup;
			children = (
				56D6EBAB2D0930B400CEB750 /* SplashViewController.swift */,
				56D6EBAD2D09310900CEB750 /* SplashView.swift */,
				56D6EBBF2D0A16CE00CEB750 /* SplashFlowDelegate.swift */,
			);
			path = Splash;
			sourceTree = "<group>";
		};
		56D6EBAF2D093FC600CEB750 /* Resources */ = {
			isa = PBXGroup;
			children = (
				56D6EBB22D0949E400CEB750 /* Assets.xcassets */,
			);
			path = Resources;
			sourceTree = "<group>";
		};
		56D6EBB42D094D9100CEB750 /* Components */ = {
			isa = PBXGroup;
			children = (
				56D6EBB52D094DA600CEB750 /* TipsView.swift */,
			);
			path = Components;
			sourceTree = "<group>";
		};
		56D6EBB72D0956F300CEB750 /* WelcomeView */ = {
			isa = PBXGroup;
			children = (
				56D6EBB82D09570D00CEB750 /* WelcomeView.swift */,
				56D6EBBA2D095C3200CEB750 /* WelcomeViewController.swift */,
				56D6EBD82D286EF200CEB750 /* WelcomeFlowDelegate.swift */,
			);
			path = WelcomeView;
			sourceTree = "<group>";
		};
		56D6EBBC2D0A123C00CEB750 /* Extensions */ = {
			isa = PBXGroup;
			children = (
				56D6EBBD2D0A125A00CEB750 /* UiViewController+ext.swift */,
			);
			path = Extensions;
			sourceTree = "<group>";
		};
		56D6EBC32D0A3AF700CEB750 /* HomeView */ = {
			isa = PBXGroup;
			children = (
				56D6EBD02D0E24B900CEB750 /* ViewModel */,
				56D6EBC82D0A3B7500CEB750 /* TableViewCell */,
				56D6EBC42D0A3B1D00CEB750 /* HomeView.swift */,
				56D6EBC62D0A3B2F00CEB750 /* HomeViewController.swift */,
			);
			path = HomeView;
			sourceTree = "<group>";
		};
		56D6EBC82D0A3B7500CEB750 /* TableViewCell */ = {
			isa = PBXGroup;
			children = (
				56D6EBC92D0A3B8B00CEB750 /* PlaceTableViewCell.swift */,
			);
			path = TableViewCell;
			sourceTree = "<group>";
		};
		56D6EBCB2D0E07F900CEB750 /* Models */ = {
			isa = PBXGroup;
			children = (
				56D6EBCC2D0E080800CEB750 /* PlaceModel.swift */,
				56D6EBCE2D0E24A000CEB750 /* Category.swift */,
				56D6EBD32D0F683E00CEB750 /* PlaceAnnotation.swift */,
			);
			path = Models;
			sourceTree = "<group>";
		};
		56D6EBD02D0E24B900CEB750 /* ViewModel */ = {
			isa = PBXGroup;
			children = (
				56D6EBD12D0E24D000CEB750 /* HomeViewModel.swift */,
			);
			path = ViewModel;
			sourceTree = "<group>";
		};
		56D6EBD52D279E0D00CEB750 /* Detail */ = {
			isa = PBXGroup;
			children = (
				56D6EBD62D279E2100CEB750 /* DetailsViewController.swift */,
			);
			path = Detail;
			sourceTree = "<group>";
		};
/* End PBXGroup section */

/* Begin PBXNativeTarget section */
		56D6EB872D08EA4600CEB750 /* Nearby */ = {
			isa = PBXNativeTarget;
			buildConfigurationList = 56D6EB9C2D08EA4900CEB750 /* Build configuration list for PBXNativeTarget "Nearby" */;
			buildPhases = (
				56D6EB842D08EA4600CEB750 /* Sources */,
				56D6EB852D08EA4600CEB750 /* Frameworks */,
				56D6EB862D08EA4600CEB750 /* Resources */,
			);
			buildRules = (
			);
			dependencies = (
			);
			name = Nearby;
			productName = Nearby;
			productReference = 56D6EB882D08EA4600CEB750 /* Nearby.app */;
			productType = "com.apple.product-type.application";
		};
/* End PBXNativeTarget section */

/* Begin PBXProject section */
		56D6EB802D08EA4600CEB750 /* Project object */ = {
			isa = PBXProject;
			attributes = {
				BuildIndependentTargetsInParallel = 1;
				LastSwiftUpdateCheck = 1510;
				LastUpgradeCheck = 1510;
				TargetAttributes = {
					56D6EB872D08EA4600CEB750 = {
						CreatedOnToolsVersion = 15.1;
					};
				};
			};
			buildConfigurationList = 56D6EB832D08EA4600CEB750 /* Build configuration list for PBXProject "Nearby" */;
			compatibilityVersion = "Xcode 14.0";
			developmentRegion = en;
			hasScannedForEncodings = 0;
			knownRegions = (
				en,
				Base,
			);
			mainGroup = 56D6EB7F2D08EA4600CEB750;
			productRefGroup = 56D6EB892D08EA4600CEB750 /* Products */;
			projectDirPath = "";
			projectRoot = "";
			targets = (
				56D6EB872D08EA4600CEB750 /* Nearby */,
			);
		};
/* End PBXProject section */

/* Begin PBXResourcesBuildPhase section */
		56D6EB862D08EA4600CEB750 /* Resources */ = {
			isa = PBXResourcesBuildPhase;
			buildActionMask = 2147483647;
			files = (
				56D6EBB32D0949E400CEB750 /* Assets.xcassets in Resources */,
				56D6EB952D08EA4900CEB750 /* Assets.xcassets in Resources */,
			);
			runOnlyForDeploymentPostprocessing = 0;
		};
/* End PBXResourcesBuildPhase section */

/* Begin PBXSourcesBuildPhase section */
		56D6EB842D08EA4600CEB750 /* Sources */ = {
			isa = PBXSourcesBuildPhase;
			buildActionMask = 2147483647;
			files = (
				56D6EBBB2D095C3200CEB750 /* WelcomeViewController.swift in Sources */,
				56D6EBD22D0E24D000CEB750 /* HomeViewModel.swift in Sources */,
				56D6EBCD2D0E080800CEB750 /* PlaceModel.swift in Sources */,
				56D6EB8C2D08EA4600CEB750 /* AppDelegate.swift in Sources */,
				56D6EBD92D286EF200CEB750 /* WelcomeFlowDelegate.swift in Sources */,
				56D6EBC52D0A3B1D00CEB750 /* HomeView.swift in Sources */,
				56D6EBA82D0922C200CEB750 /* NearbyFlowController.swift in Sources */,
				56D6EBA52D09222B00CEB750 /* Colors.swift in Sources */,
				56D6EBC72D0A3B2F00CEB750 /* HomeViewController.swift in Sources */,
				56D6EBBE2D0A125A00CEB750 /* UiViewController+ext.swift in Sources */,
				56D6EBB92D09570D00CEB750 /* WelcomeView.swift in Sources */,
				56D6EB8E2D08EA4600CEB750 /* SceneDelegate.swift in Sources */,
				56D6EBB62D094DA600CEB750 /* TipsView.swift in Sources */,
				56D6EBCF2D0E24A000CEB750 /* Category.swift in Sources */,
				56D6EBAC2D0930B400CEB750 /* SplashViewController.swift in Sources */,
				56D6EBD42D0F683E00CEB750 /* PlaceAnnotation.swift in Sources */,
				56D6EBC02D0A16CE00CEB750 /* SplashFlowDelegate.swift in Sources */,
				56D6EBC22D0A248500CEB750 /* Typography.swift in Sources */,
				56D6EBAE2D09310900CEB750 /* SplashView.swift in Sources */,
				56D6EBCA2D0A3B8B00CEB750 /* PlaceTableViewCell.swift in Sources */,
				56D6EBD72D279E2100CEB750 /* DetailsViewController.swift in Sources */,
			);
			runOnlyForDeploymentPostprocessing = 0;
		};
/* End PBXSourcesBuildPhase section */

/* Begin XCBuildConfiguration section */
		56D6EB9A2D08EA4900CEB750 /* Debug */ = {
			isa = XCBuildConfiguration;
			buildSettings = {
				ALWAYS_SEARCH_USER_PATHS = NO;
				ASSETCATALOG_COMPILER_GENERATE_SWIFT_ASSET_SYMBOL_EXTENSIONS = YES;
				CLANG_ANALYZER_NONNULL = YES;
				CLANG_ANALYZER_NUMBER_OBJECT_CONVERSION = YES_AGGRESSIVE;
				CLANG_CXX_LANGUAGE_STANDARD = "gnu++20";
				CLANG_ENABLE_MODULES = YES;
				CLANG_ENABLE_OBJC_ARC = YES;
				CLANG_ENABLE_OBJC_WEAK = YES;
				CLANG_WARN_BLOCK_CAPTURE_AUTORELEASING = YES;
				CLANG_WARN_BOOL_CONVERSION = YES;
				CLANG_WARN_COMMA = YES;
				CLANG_WARN_CONSTANT_CONVERSION = YES;
				CLANG_WARN_DEPRECATED_OBJC_IMPLEMENTATIONS = YES;
				CLANG_WARN_DIRECT_OBJC_ISA_USAGE = YES_ERROR;
				CLANG_WARN_DOCUMENTATION_COMMENTS = YES;
				CLANG_WARN_EMPTY_BODY = YES;
				CLANG_WARN_ENUM_CONVERSION = YES;
				CLANG_WARN_INFINITE_RECURSION = YES;
				CLANG_WARN_INT_CONVERSION = YES;
				CLANG_WARN_NON_LITERAL_NULL_CONVERSION = YES;
				CLANG_WARN_OBJC_IMPLICIT_RETAIN_SELF = YES;
				CLANG_WARN_OBJC_LITERAL_CONVERSION = YES;
				CLANG_WARN_OBJC_ROOT_CLASS = YES_ERROR;
				CLANG_WARN_QUOTED_INCLUDE_IN_FRAMEWORK_HEADER = YES;
				CLANG_WARN_RANGE_LOOP_ANALYSIS = YES;
				CLANG_WARN_STRICT_PROTOTYPES = YES;
				CLANG_WARN_SUSPICIOUS_MOVE = YES;
				CLANG_WARN_UNGUARDED_AVAILABILITY = YES_AGGRESSIVE;
				CLANG_WARN_UNREACHABLE_CODE = YES;
				CLANG_WARN__DUPLICATE_METHOD_MATCH = YES;
				COPY_PHASE_STRIP = NO;
				DEBUG_INFORMATION_FORMAT = dwarf;
				ENABLE_STRICT_OBJC_MSGSEND = YES;
				ENABLE_TESTABILITY = YES;
				ENABLE_USER_SCRIPT_SANDBOXING = YES;
				GCC_C_LANGUAGE_STANDARD = gnu17;
				GCC_DYNAMIC_NO_PIC = NO;
				GCC_NO_COMMON_BLOCKS = YES;
				GCC_OPTIMIZATION_LEVEL = 0;
				GCC_PREPROCESSOR_DEFINITIONS = (
					"DEBUG=1",
					"$(inherited)",
				);
				GCC_WARN_64_TO_32_BIT_CONVERSION = YES;
				GCC_WARN_ABOUT_RETURN_TYPE = YES_ERROR;
				GCC_WARN_UNDECLARED_SELECTOR = YES;
				GCC_WARN_UNINITIALIZED_AUTOS = YES_AGGRESSIVE;
				GCC_WARN_UNUSED_FUNCTION = YES;
				GCC_WARN_UNUSED_VARIABLE = YES;
				IPHONEOS_DEPLOYMENT_TARGET = 17.2;
				LOCALIZATION_PREFERS_STRING_CATALOGS = YES;
				MTL_ENABLE_DEBUG_INFO = INCLUDE_SOURCE;
				MTL_FAST_MATH = YES;
				ONLY_ACTIVE_ARCH = YES;
				SDKROOT = iphoneos;
				SWIFT_ACTIVE_COMPILATION_CONDITIONS = "DEBUG $(inherited)";
				SWIFT_OPTIMIZATION_LEVEL = "-Onone";
			};
			name = Debug;
		};
		56D6EB9B2D08EA4900CEB750 /* Release */ = {
			isa = XCBuildConfiguration;
			buildSettings = {
				ALWAYS_SEARCH_USER_PATHS = NO;
				ASSETCATALOG_COMPILER_GENERATE_SWIFT_ASSET_SYMBOL_EXTENSIONS = YES;
				CLANG_ANALYZER_NONNULL = YES;
				CLANG_ANALYZER_NUMBER_OBJECT_CONVERSION = YES_AGGRESSIVE;
				CLANG_CXX_LANGUAGE_STANDARD = "gnu++20";
				CLANG_ENABLE_MODULES = YES;
				CLANG_ENABLE_OBJC_ARC = YES;
				CLANG_ENABLE_OBJC_WEAK = YES;
				CLANG_WARN_BLOCK_CAPTURE_AUTORELEASING = YES;
				CLANG_WARN_BOOL_CONVERSION = YES;
				CLANG_WARN_COMMA = YES;
				CLANG_WARN_CONSTANT_CONVERSION = YES;
				CLANG_WARN_DEPRECATED_OBJC_IMPLEMENTATIONS = YES;
				CLANG_WARN_DIRECT_OBJC_ISA_USAGE = YES_ERROR;
				CLANG_WARN_DOCUMENTATION_COMMENTS = YES;
				CLANG_WARN_EMPTY_BODY = YES;
				CLANG_WARN_ENUM_CONVERSION = YES;
				CLANG_WARN_INFINITE_RECURSION = YES;
				CLANG_WARN_INT_CONVERSION = YES;
				CLANG_WARN_NON_LITERAL_NULL_CONVERSION = YES;
				CLANG_WARN_OBJC_IMPLICIT_RETAIN_SELF = YES;
				CLANG_WARN_OBJC_LITERAL_CONVERSION = YES;
				CLANG_WARN_OBJC_ROOT_CLASS = YES_ERROR;
				CLANG_WARN_QUOTED_INCLUDE_IN_FRAMEWORK_HEADER = YES;
				CLANG_WARN_RANGE_LOOP_ANALYSIS = YES;
				CLANG_WARN_STRICT_PROTOTYPES = YES;
				CLANG_WARN_SUSPICIOUS_MOVE = YES;
				CLANG_WARN_UNGUARDED_AVAILABILITY = YES_AGGRESSIVE;
				CLANG_WARN_UNREACHABLE_CODE = YES;
				CLANG_WARN__DUPLICATE_METHOD_MATCH = YES;
				COPY_PHASE_STRIP = NO;
				DEBUG_INFORMATION_FORMAT = "dwarf-with-dsym";
				ENABLE_NS_ASSERTIONS = NO;
				ENABLE_STRICT_OBJC_MSGSEND = YES;
				ENABLE_USER_SCRIPT_SANDBOXING = YES;
				GCC_C_LANGUAGE_STANDARD = gnu17;
				GCC_NO_COMMON_BLOCKS = YES;
				GCC_WARN_64_TO_32_BIT_CONVERSION = YES;
				GCC_WARN_ABOUT_RETURN_TYPE = YES_ERROR;
				GCC_WARN_UNDECLARED_SELECTOR = YES;
				GCC_WARN_UNINITIALIZED_AUTOS = YES_AGGRESSIVE;
				GCC_WARN_UNUSED_FUNCTION = YES;
				GCC_WARN_UNUSED_VARIABLE = YES;
				IPHONEOS_DEPLOYMENT_TARGET = 17.2;
				LOCALIZATION_PREFERS_STRING_CATALOGS = YES;
				MTL_ENABLE_DEBUG_INFO = NO;
				MTL_FAST_MATH = YES;
				SDKROOT = iphoneos;
				SWIFT_COMPILATION_MODE = wholemodule;
				VALIDATE_PRODUCT = YES;
			};
			name = Release;
		};
		56D6EB9D2D08EA4900CEB750 /* Debug */ = {
			isa = XCBuildConfiguration;
			buildSettings = {
				ASSETCATALOG_COMPILER_APPICON_NAME = AppIcon;
				ASSETCATALOG_COMPILER_GLOBAL_ACCENT_COLOR_NAME = AccentColor;
				CODE_SIGN_STYLE = Automatic;
				CURRENT_PROJECT_VERSION = 1;
				DEVELOPMENT_TEAM = 3X2GLAB7N5;
				GENERATE_INFOPLIST_FILE = YES;
				INFOPLIST_FILE = Nearby/Info.plist;
				INFOPLIST_KEY_UIApplicationSupportsIndirectInputEvents = YES;
				INFOPLIST_KEY_UILaunchStoryboardName = SplashViewController;
				INFOPLIST_KEY_UISupportedInterfaceOrientations_iPad = "UIInterfaceOrientationPortrait UIInterfaceOrientationPortraitUpsideDown UIInterfaceOrientationLandscapeLeft UIInterfaceOrientationLandscapeRight";
				INFOPLIST_KEY_UISupportedInterfaceOrientations_iPhone = "UIInterfaceOrientationPortrait UIInterfaceOrientationLandscapeLeft UIInterfaceOrientationLandscapeRight";
				LD_RUNPATH_SEARCH_PATHS = (
					"$(inherited)",
					"@executable_path/Frameworks",
				);
				MARKETING_VERSION = 1.0;
				PRODUCT_BUNDLE_IDENTIFIER = com.nlwpocket.Nearby;
				PRODUCT_NAME = "$(TARGET_NAME)";
				SWIFT_EMIT_LOC_STRINGS = YES;
				SWIFT_VERSION = 5.0;
				TARGETED_DEVICE_FAMILY = "1,2";
			};
			name = Debug;
		};
		56D6EB9E2D08EA4900CEB750 /* Release */ = {
			isa = XCBuildConfiguration;
			buildSettings = {
				ASSETCATALOG_COMPILER_APPICON_NAME = AppIcon;
				ASSETCATALOG_COMPILER_GLOBAL_ACCENT_COLOR_NAME = AccentColor;
				CODE_SIGN_STYLE = Automatic;
				CURRENT_PROJECT_VERSION = 1;
				DEVELOPMENT_TEAM = 3X2GLAB7N5;
				GENERATE_INFOPLIST_FILE = YES;
				INFOPLIST_FILE = Nearby/Info.plist;
				INFOPLIST_KEY_UIApplicationSupportsIndirectInputEvents = YES;
				INFOPLIST_KEY_UILaunchStoryboardName = SplashViewController;
				INFOPLIST_KEY_UISupportedInterfaceOrientations_iPad = "UIInterfaceOrientationPortrait UIInterfaceOrientationPortraitUpsideDown UIInterfaceOrientationLandscapeLeft UIInterfaceOrientationLandscapeRight";
				INFOPLIST_KEY_UISupportedInterfaceOrientations_iPhone = "UIInterfaceOrientationPortrait UIInterfaceOrientationLandscapeLeft UIInterfaceOrientationLandscapeRight";
				LD_RUNPATH_SEARCH_PATHS = (
					"$(inherited)",
					"@executable_path/Frameworks",
				);
				MARKETING_VERSION = 1.0;
				PRODUCT_BUNDLE_IDENTIFIER = com.nlwpocket.Nearby;
				PRODUCT_NAME = "$(TARGET_NAME)";
				SWIFT_EMIT_LOC_STRINGS = YES;
				SWIFT_VERSION = 5.0;
				TARGETED_DEVICE_FAMILY = "1,2";
			};
			name = Release;
		};
/* End XCBuildConfiguration section */

/* Begin XCConfigurationList section */
		56D6EB832D08EA4600CEB750 /* Build configuration list for PBXProject "Nearby" */ = {
			isa = XCConfigurationList;
			buildConfigurations = (
				56D6EB9A2D08EA4900CEB750 /* Debug */,
				56D6EB9B2D08EA4900CEB750 /* Release */,
			);
			defaultConfigurationIsVisible = 0;
			defaultConfigurationName = Release;
		};
		56D6EB9C2D08EA4900CEB750 /* Build configuration list for PBXNativeTarget "Nearby" */ = {
			isa = XCConfigurationList;
			buildConfigurations = (
				56D6EB9D2D08EA4900CEB750 /* Debug */,
				56D6EB9E2D08EA4900CEB750 /* Release */,
			);
			defaultConfigurationIsVisible = 0;
			defaultConfigurationName = Release;
		};
/* End XCConfigurationList section */
	};
	rootObject = 56D6EB802D08EA4600CEB750 /* Project object */;
}
